version = 1
revision = 3
requires-python = ">=3.12, <3.14"

[[package]]
name = "colorama"
version = "0.4.6"
source = { registry = "https://pypi.org/simple" }
sdist = { url = "https://files.pythonhosted.org/packages/d8/53/6f443c9a4a8358a93a6792e2acffb9d9d5cb0a5cfd8802644b7b1c9a02e4/colorama-0.4.6.tar.gz", hash = "sha256:08695f5cb7ed6e0531a20572697297273c47b8cae5a63ffc6d6ed5c201be6e44", size = 27697, upload-time = "2022-10-25T02:36:22.414Z" }
wheels = [
    { url = "https://files.pythonhosted.org/packages/d1/d6/3965ed04c63042e047cb6a3e6ed1a63a35087b6a609aa3a15ed8ac56c221/colorama-0.4.6-py2.py3-none-any.whl", hash = "sha256:4f1d9991f5acc0ca119f9d443620b77f9d6b33703e51011c16baf57afb285fc6", size = 25335, upload-time = "2022-10-25T02:36:20.889Z" },
]

[[package]]
name = "ezdxf"
version = "1.4.4"
source = { registry = "https://pypi.org/simple" }
dependencies = [
    { name = "fonttools" },
    { name = "numpy" },
    { name = "pyparsing" },
    { name = "typing-extensions" },
]
sdist = { url = "https://files.pythonhosted.org/packages/5e/d7/1b7be8db364f1c4838dfc1a40ca96577aba405deabf896a4eb3aaeb15a62/ezdxf-1.4.4.tar.gz", hash = "sha256:da5a5e0e6bdbb6656f9c017b47edc7eafceb419d61a2b5de64ffb344c168e593", size = 1866886, upload-time = "2026-05-14T09:19:19.511Z" }
wheels = [
    { url = "https://files.pythonhosted.org/packages/18/3d/98648d221ffa047b5ba898c8e152010861dc71a66b531dcf15053075010e/ezdxf-1.4.4-cp312-cp312-macosx_10_13_universal2.whl", hash = "sha256:d723d35d08223318c17080a32a05192a1449e544dee867c9d9c6f25998fac303", size = 3563916, upload-time = "2026-05-14T09:25:32.879Z" },
    { url = "https://files.pythonhosted.org/packages/2c/f1/84bbaa571412f840c22deeae185e54d4a67aa52f03e1728fd8425748c548/ezdxf-1.4.4-cp312-cp312-macosx_10_13_x86_64.whl", hash = "sha256:6b0c73b46085521bdbd4a3e7d88998da7bec5713ba89bbb502fdeffe6b42fc7e", size = 3016857, upload-time = "2026-05-14T09:25:34.607Z" },
    { url = "https://files.pythonhosted.org/packages/b0/ff/f2eb77d22d26aa98abbe0961470871d8b85ef4e73e5527f544d25f958d6e/ezdxf-1.4.4-cp312-cp312-macosx_11_0_arm64.whl", hash = "sha256:ac3e83a70c1f866dd5114192a6fab6e75cc83b75e907bc08c5d94b98cce14cc0", size = 3003336, upload-time = "2026-05-14T09:25:35.947Z" },
    { url = "https://files.pythonhosted.org/packages/65/7d/2a6ddd6beef5d9a8593078619f3920a0cd76b1db4c6a974ac37045543219/ezdxf-1.4.4-cp312-cp312-manylinux_2_17_aarch64.manylinux2014_aarch64.whl", hash = "sha256:8ebe09717ab6636bf48780eabdab51e3ab2135f7963bb52452444b6d95e03d12", size = 5788485, upload-time = "2026-05-14T09:27:32.176Z" },
    { url = "https://files.pythonhosted.org/packages/e7/29/2094fd7719146ca7bb236be9751b5929d431f643cbab669aed89cf121883/ezdxf-1.4.4-cp312-cp312-manylinux_2_17_x86_64.manylinux2014_x86_64.whl", hash = "sha256:44af248af0860fe8b1a39ca40e1cd2fa8ac37b22142b14b20c6a0caf1b50f932", size = 5816781, upload-time = "2026-05-14T09:27:13.96Z" },
    { url = "https://files.pythonhosted.org/packages/19/8d/669b8047cca162204c53b874183d73b5f6c4b1d5d48fa1e515a32d56f5ac/ezdxf-1.4.4-cp312-cp312-musllinux_1_2_aarch64.whl", hash = "sha256:02a097794625e9fc948e637dfe07057e98167b4fe215357a59645759fef6db3f", size = 5754006, upload-time = "2026-05-14T09:27:33.858Z" },
    { url = "https://files.pythonhosted.org/packages/5b/44/b753997173327250e43ae50f11f0c69016b1e78482e0bd3857c3495236e7/ezdxf-1.4.4-cp312-cp312-musllinux_1_2_x86_64.whl", hash = "sha256:f093bd2228f5782d483aed3bd89cdb74b672b5f90c677c4125cd236ee5649151", size = 5861860, upload-time = "2026-05-14T09:27:15.758Z" },
    { url = "https://files.pythonhosted.org/packages/0b/99/2e81cb168e0f09adfb05fb40e5f890ff87ac2c00e98079cf09837dd76330/ezdxf-1.4.4-cp312-cp312-win_amd64.whl", hash = "sha256:3e518d9ed4dcbe525d57f14c25c5e592f82660a690fdec39b03b092e6cdc4771", size = 2963238, upload-time = "2026-05-14T09:23:47.924Z" },
    { url = "https://files.pythonhosted.org/packages/be/ed/97aa3ba1ba923e4098169de5bca380ee1430e2b34d0dd85b73007e34df16/ezdxf-1.4.4-cp313-cp313-macosx_10_13_universal2.whl", hash = "sha256:278a09a845d67a4f893aebe9ef8dcd8894ece9f255d7d8bb21719ffd902109b8", size = 3555283, upload-time = "2026-05-14T09:25:37.346Z" },
    { url = "https://files.pythonhosted.org/packages/4e/b1/8ca9408a2b382a806837e72d35f10931fdd9f53fe66cf208a6340358fbc5/ezdxf-1.4.4-cp313-cp313-macosx_10_13_x86_64.whl", hash = "sha256:b0a787f8ebcbdcb9798c6fcfe90c23afd1a0993c8d4302b6cce5d8f19ae052ae", size = 3012646, upload-time = "2026-05-14T09:25:39.01Z" },
    { url = "https://files.pythonhosted.org/packages/8b/aa/1e8d3130eaabb780c5e8adfdc1ead023bb04468779b18169d60f7ce5b291/ezdxf-1.4.4-cp313-cp313-macosx_11_0_arm64.whl", hash = "sha256:c451d1c20f08b30c735ca4d650fee5b44147402f4b5662f8550053ed8a3009c2", size = 2999048, upload-time = "2026-05-14T09:25:40.348Z" },
    { url = "https://files.pythonhosted.org/packages/cd/ca/1dd390b79df9c104c2d4b5964e80db25362edf704ac742c9db9b279658a5/ezdxf-1.4.4-cp313-cp313-manylinux_2_17_aarch64.manylinux2014_aarch64.whl", hash = "sha256:3d3d9a6663993fc644751647fd7843057b51742ffac27c48ce28ea9f81239613", size = 5747890, upload-time = "2026-05-14T09:27:36.028Z" },
    { url = "https://files.pythonhosted.org/packages/8f/1e/226a6e636ae533e0bc0afe4435d1058fac173564e4af4102862f055a46d9/ezdxf-1.4.4-cp313-cp313-manylinux_2_17_x86_64.manylinux2014_x86_64.whl", hash = "sha256:82c022cf094d21ad3db68557aa83628e4152355e8a8bef0fffd4f71a9ea325df", size = 5774707, upload-time = "2026-05-14T09:27:17.625Z" },
    { url = "https://files.pythonhosted.org/packages/24/a3/7e33c9036de944b5446982bb629d698356e48b00c4d173768f52bdeeff4b/ezdxf-1.4.4-cp313-cp313-musllinux_1_2_aarch64.whl", hash = "sha256:3be59c2a3a93585412a2a37af29b3ad7574fa3e429e624924c3285d0573388b3", size = 5713753, upload-time = "2026-05-14T09:27:37.55Z" },
    { url = "https://files.pythonhosted.org/packages/36/9e/ac0cdc3a8623fc38aa16670f6537aa810bc1381217a51ac3481299bbc986/ezdxf-1.4.4-cp313-cp313-musllinux_1_2_x86_64.whl", hash = "sha256:44a9716860b59dddd49a3708c04ff4580ad1e7de92ac93bb3213d85fba5ac93f", size = 5813895, upload-time = "2026-05-14T09:27:19.514Z" },
    { url = "https://files.pythonhosted.org/packages/dd/22/b511a8d9ea8f23447a67fe8977213fac5e4e69df30130a3ef31043613eaf/ezdxf-1.4.4-cp313-cp313-win_amd64.whl", hash = "sha256:207eed544417464ffaf2570880d58a792ecd2534c9c2dede45e895f3200b77e6", size = 2960937, upload-time = "2026-05-14T09:23:49.361Z" },
    { url = "https://files.pythonhosted.org/packages/a0/09/5ecb6f82d35a2f4a4334d0a608fcf764827fa69dccdf5987ce309c16b6c1/ezdxf-1.4.4-py3-none-any.whl", hash = "sha256:666edda631ba717270293b734f5d58dd97a1d1aba4787187f09d0cc584645865", size = 1331217, upload-time = "2026-05-14T09:19:26.601Z" },
]

[[package]]
name = "fonttools"
version = "4.63.0"
source = { registry = "https://pypi.org/simple" }
sdist = { url = "https://files.pythonhosted.org/packages/84/69/c97f2c18e0db87d2c7b15da1974dace76ae938f1cfa22e2727a648b7ed43/fonttools-4.63.0.tar.gz", hash = "sha256:caeb583deeb5168e694b65cda8b4ee62abedfa66cf88488734466f2366b9c4e0", size = 3597189, upload-time = "2026-05-14T12:04:30.958Z" }
wheels = [
    { url = "https://files.pythonhosted.org/packages/08/ef/b3c6b9b5be2f82416d73fe2ed2e96e2793cd80e7510bd6a17ca79cdd88ec/fonttools-4.63.0-cp312-cp312-macosx_10_13_universal2.whl", hash = "sha256:37dd23e621e3b0aef1baa70a303b80aaf38449632cfc8fd2a55fb285bbccfc02", size = 2881131, upload-time = "2026-05-14T12:03:13.386Z" },
    { url = "https://files.pythonhosted.org/packages/44/a0/c815bea63117fa63e4e1c01f8a1110d2112fa003f838e6467094ec2432ce/fonttools-4.63.0-cp312-cp312-macosx_10_13_x86_64.whl", hash = "sha256:a9faff9e0c1f76f9fd55899d2ce785832efebab37eb8ae13995853aef178bef0", size = 2426704, upload-time = "2026-05-14T12:03:15.801Z" },
    { url = "https://files.pythonhosted.org/packages/44/04/0b91d8e916e92ad1fac9e4624760baf0fd5ff2ead614c2f68fb21373f03f/fonttools-4.63.0-cp312-cp312-manylinux2014_aarch64.manylinux_2_17_aarch64.manylinux_2_28_aarch64.whl", hash = "sha256:ef3048ef05dbb552b89817713d9cac912e00d0fde4a3105c00d29e52e10c89af", size = 5044298, upload-time = "2026-05-14T12:03:18.085Z" },
    { url = "https://files.pythonhosted.org/packages/77/c7/2342da9830e3e9d4870305ca5d2091d2a83284f2953079b7bdd3b5e029d8/fonttools-4.63.0-cp312-cp312-manylinux2014_x86_64.manylinux_2_17_x86_64.whl", hash = "sha256:58dc6bb86a78d782f00f9190ca02c119cf5bbe2807536e361e18d42019f877d8", size = 4999800, upload-time = "2026-05-14T12:03:20.161Z" },
    { url = "https://files.pythonhosted.org/packages/e6/6d/67fe16c48d7ce050979b33f47e0d28a318f02da030602e944c34f7a16ef3/fonttools-4.63.0-cp312-cp312-musllinux_1_2_aarch64.whl", hash = "sha256:ee08ebfa58f6e1aeff5697ab9582105bb620008c1caafb681e4c557e7483027b", size = 4982666, upload-time = "2026-05-14T12:03:22.87Z" },
    { url = "https://files.pythonhosted.org/packages/f2/00/3bbab338c07c71fa56269953845e92c951a61457bbbb0f1022551ea266d9/fonttools-4.63.0-cp312-cp312-musllinux_1_2_x86_64.whl", hash = "sha256:27fdc65af8da6f88b9c6121c47a464cbe359fcfff7ff6fc2d37a1f395d755b78", size = 5133598, upload-time = "2026-05-14T12:03:25.168Z" },
    { url = "https://files.pythonhosted.org/packages/62/f2/aa27c7f98db5b064883dadcc5283947e81e034de42e22a33675878d98b54/fonttools-4.63.0-cp312-cp312-win32.whl", hash = "sha256:af2fd1664d00a397d75f806985ddb36282091c2131a73a6485c23b4a34722263", size = 2292575, upload-time = "2026-05-14T12:03:27.496Z" },
    { url = "https://files.pythonhosted.org/packages/87/36/cccb9bc2a6ab63d1b2980374f0dca72ce95ae267c9b4cfe77455bb70d0d4/fonttools-4.63.0-cp312-cp312-win_amd64.whl", hash = "sha256:59ac449f8cca9b4ffa08d2e7bbadad87ce710d69d1eda5c3c1ce579baa987272", size = 2343211, upload-time = "2026-05-14T12:03:30.057Z" },
    { url = "https://files.pythonhosted.org/packages/0f/8d/d8fec3dcde2963f8c908fb315e5ff2cd0ac34f82394bbbf73a2aa5145ce3/fonttools-4.63.0-cp313-cp313-macosx_10_13_universal2.whl", hash = "sha256:cd7e9857e5e63738b9d9fd707bc1f59c8b09e5177726d23664db393c59bb08bd", size = 2876062, upload-time = "2026-05-14T12:03:32.554Z" },
    { url = "https://files.pythonhosted.org/packages/ef/71/d935dc54e4ff121bfdd11e08702db63a7e6f25af21d8a3d7b7212df53641/fonttools-4.63.0-cp313-cp313-macosx_10_13_x86_64.whl", hash = "sha256:c2a2a42198b696a6f48fad91709afb55176e66a5e566131219dba372fb7f8c59", size = 2424594, upload-time = "2026-05-14T12:03:34.86Z" },
    { url = "https://files.pythonhosted.org/packages/8e/40/e76320afa1df918e146155ef239b1719ee266092e96f5423bfd075affba1/fonttools-4.63.0-cp313-cp313-manylinux2014_aarch64.manylinux_2_17_aarch64.manylinux_2_28_aarch64.whl", hash = "sha256:1e874792a8212b44583ea02189d9e693906b2f78b261f372f95d6c563210ac1d", size = 5024840, upload-time = "2026-05-14T12:03:36.745Z" },
    { url = "https://files.pythonhosted.org/packages/ce/36/0b805d8c485f872f65a509cbe3b58a5d0d17bee855333b54a150c79d3061/fonttools-4.63.0-cp313-cp313-manylinux2014_x86_64.manylinux_2_17_x86_64.whl", hash = "sha256:22135da48a348785c5e2d5d2d9d6bec5ed44adacbaeb9db12d9493bf6c6bfa68", size = 4975801, upload-time = "2026-05-14T12:03:38.833Z" },
    { url = "https://files.pythonhosted.org/packages/c8/26/2cee03d0aa083ab022da5c07aff9ed3f689da1defb81ad6917c9627896da/fonttools-4.63.0-cp313-cp313-musllinux_1_2_aarch64.whl", hash = "sha256:ccf41f2efdf56994d22d73bef4ced1052161958169428d06ba9724ea9e9a64be", size = 4965009, upload-time = "2026-05-14T12:03:41.494Z" },
    { url = "https://files.pythonhosted.org/packages/7e/48/cc4b66d9058c0d0982c833fad10127c4b0e9324606aafa41382295ca4102/fonttools-4.63.0-cp313-cp313-musllinux_1_2_x86_64.whl", hash = "sha256:9ced0bd02ac751dd6319b0da88aaef24414e3b0dbc32bb4f24944821a3741a27", size = 5105892, upload-time = "2026-05-14T12:03:43.525Z" },
    { url = "https://files.pythonhosted.org/packages/d8/1f/a98a30a814b9ddef3a2e706025f90b9e0bc94890e6cb15254bc86547d11a/fonttools-4.63.0-cp313-cp313-win32.whl", hash = "sha256:85be818f5506e8a7753153def2c9550178f0ecae6a47b5e0e8dbb23f7cc90380", size = 2291313, upload-time = "2026-05-14T12:03:45.594Z" },
    { url = "https://files.pythonhosted.org/packages/92/46/5177b01f3b4abfdd4409f31cca4ab279c9343a26efbe9ec78c97fc612e02/fonttools-4.63.0-cp313-cp313-win_amd64.whl", hash = "sha256:ba04cb5891d4c0c21b6da95eda8d7b090021508a294fff33464fc7d241e0856b", size = 2342299, upload-time = "2026-05-14T12:03:47.414Z" },
    { url = "https://files.pythonhosted.org/packages/2c/47/c99d5268f354002ce80f8d029cd9d7d872969da1de8b93d32de4dc56d6f4/fonttools-4.63.0-py3-none-any.whl", hash = "sha256:445af2eab030a16b9171ea8bdda7ebf7d96bda2df88ee182a464252f6e05e20d", size = 1164562, upload-time = "2026-05-14T12:04:29.092Z" },
]

[[package]]
name = "iniconfig"
version = "2.3.0"
source = { registry = "https://pypi.org/simple" }
sdist = { url = "https://files.pythonhosted.org/packages/72/34/14ca021ce8e5dfedc35312d08ba8bf51fdd999c576889fc2c24cb97f4f10/iniconfig-2.3.0.tar.gz", hash = "sha256:c76315c77db068650d49c5b56314774a7804df16fee4402c1f19d6d15d8c4730", size = 20503, upload-time = "2025-10-18T21:55:43.219Z" }
wheels = [
    { url = "https://files.pythonhosted.org/packages/cb/b1/3846dd7f199d53cb17f49cba7e651e9ce294d8497c8c150530ed11865bb8/iniconfig-2.3.0-py3-none-any.whl", hash = "sha256:f631c04d2c48c52b84d0d0549c99ff3859c98df65b3101406327ecc7d53fbf12", size = 7484, upload-time = "2025-10-18T21:55:41.639Z" },
]

[[package]]
name = "numpy"
version = "2.5.1"
source = { registry = "https://pypi.org/simple" }
sdist = { url = "https://files.pythonhosted.org/packages/22/fd/89965aa4ac08c74998539fcbf24fa3540f3e15237fbeb6bcf9c908f4aade/numpy-2.5.1.tar.gz", hash = "sha256:a48a113e6afea91f5608793bafa7ef2ad481fefbda87ec5069f483de61cb9fa3", size = 20755553, upload-time = "2026-07-04T17:08:00.933Z" }
wheels = [
    { url = "https://files.pythonhosted.org/packages/62/7b/14687aa674250e5e546f616f486b0d56d3631cd5b2415739141ce40bdcea/numpy-2.5.1-cp312-cp312-macosx_10_13_x86_64.whl", hash = "sha256:2c889b56fe48b1018f764b0eec8df59ab654e9148aa91faa12596043500de277", size = 16801574, upload-time = "2026-07-04T17:06:12.423Z" },
    { url = "https://files.pythonhosted.org/packages/e1/19/cc5bb2a3f2913d27d6dbb2c78d25921fabaedc6741d4a5a615a11f3c5bf3/numpy-2.5.1-cp312-cp312-macosx_11_0_arm64.whl", hash = "sha256:ab451b59c5643c570974c43aef780703ef1d3b4965d2be07afd530615a9358d1", size = 11772250, upload-time = "2026-07-04T17:06:15.726Z" },
    { url = "https://files.pythonhosted.org/packages/42/77/fdf34a71dd30f54979b18603bee915e0aaf825b07afe79acd60b04b691e2/numpy-2.5.1-cp312-cp312-macosx_14_0_arm64.whl", hash = "sha256:78798bd5b9ad744056af8efa90e3b9ddaa53272a0848a483084a1cc0a13b2dc0", size = 5331516, upload-time = "2026-07-04T17:06:17.913Z" },
    { url = "https://files.pythonhosted.org/packages/ce/e2/eb7efa015b4cce41e2517bf182a7fce0d7d5b9d9ed76a29bfa0f4fe4505c/numpy-2.5.1-cp312-cp312-macosx_14_0_x86_64.whl", hash = "sha256:2ae0ca40bcb22d6ba59c1dfd5446f49940b0f2d821fde133f10dda11f816b84e", size = 6664863, upload-time = "2026-07-04T17:06:20.02Z" },
    { url = "https://files.pythonhosted.org/packages/a9/4b/a2b32dd94ee9ffbeecb28152240042a3949db33b1c834d44090b80e1b3b8/numpy-2.5.1-cp312-cp312-manylinux_2_27_aarch64.manylinux_2_28_aarch64.whl", hash = "sha256:61ac47e772e6b8ea489e1d2f441a34c5c3ac17327e7ce294cbdf535795ad4e75", size = 15167977, upload-time = "2026-07-04T17:06:21.621Z" },
    { url = "https://files.pythonhosted.org/packages/b8/a9/6e73d68500f80773f65f0654ea932019d6694329a0eb0ed0533de38df376/numpy-2.5.1-cp312-cp312-manylinux_2_27_x86_64.manylinux_2_28_x86_64.whl", hash = "sha256:59fda5e192b570217ec2580c96f00e9a7e12ef6866a900eb089b62c1a32545ca", size = 16672469, upload-time = "2026-07-04T17:06:24.064Z" },
    { url = "https://files.pythonhosted.org/packages/24/7d/ad3e59015135f5261c95fd4cafeff159c955febd83a99a1d9250c4233815/numpy-2.5.1-cp312-cp312-musllinux_1_2_aarch64.whl", hash = "sha256:f7119ebff1a9829e9f431a4f9d28e703023bb6b9fe7c8f724467dbfc27c94ab3", size = 16527531, upload-time = "2026-07-04T17:06:26.69Z" },
    { url = "https://files.pythonhosted.org/packages/83/d0/a39b2fbcde9cb17a1dac678f254b33a6336298af9df338824c685425d5e8/numpy-2.5.1-cp312-cp312-musllinux_1_2_x86_64.whl", hash = "sha256:e824c2acf8862052246be5a44c15da1777940c60d010dd2aab897824d9c430f9", size = 18431940, upload-time = "2026-07-04T17:06:29.521Z" },
    { url = "https://files.pythonhosted.org/packages/04/12/cff070947791c1ed425ff76413189adbdc2fbe215eba7ce7fa454a03c7f8/numpy-2.5.1-cp312-cp312-win32.whl", hash = "sha256:08d60c810432eb83360958dea0999ac4cfb94531ea8efcbf0b7f277c2068aeb2", size = 6066764, upload-time = "2026-07-04T17:06:32.571Z" },
    { url = "https://files.pythonhosted.org/packages/65/66/53f31807a48a750f9d748da273bc3fcedd12b27ff1f3e373bfec55ef2dc0/numpy-2.5.1-cp312-cp312-win_amd64.whl", hash = "sha256:f7d60026c0bdb1380e83bfa7a0419c4577ee4b9a08880afcb6dadeb74c649fa2", size = 12430966, upload-time = "2026-07-04T17:06:34.926Z" },
    { url = "https://files.pythonhosted.org/packages/2b/2a/d1a88066b1c14186f5d3c0d18c94f17b064511982bab0578d49ee9d43c29/numpy-2.5.1-cp312-cp312-win_arm64.whl", hash = "sha256:17a25e09640602e10bc8de0e6fa2b3fd68eedd84ba6d7842dc8f32f9ab87bd0b", size = 10350488, upload-time = "2026-07-04T17:06:37.785Z" },
    { url = "https://files.pythonhosted.org/packages/eb/07/ec2a3f0c91761581d4b7104a740791800025983f9a4dc4e73f91a99aeac4/numpy-2.5.1-cp313-cp313-macosx_10_13_x86_64.whl", hash = "sha256:0bfebd8695f9863592fe744be833a258120b14a9f39da255e8aa8fade2c0ddd1", size = 16796419, upload-time = "2026-07-04T17:06:40.37Z" },
    { url = "https://files.pythonhosted.org/packages/ab/ab/ddb499fc4f8780354395face5b65c7fd107bcd6e1d667a5f07d046956f6f/numpy-2.5.1-cp313-cp313-macosx_11_0_arm64.whl", hash = "sha256:30b44a6b53a7ae63c54c089a8726e5563ed302716c5b7ccc85afade40b0e7ff6", size = 11765832, upload-time = "2026-07-04T17:06:42.768Z" },
    { url = "https://files.pythonhosted.org/packages/88/b3/3c28c558a09fc72100c646dac6d2fce8e834c471b0edca01a29996706117/numpy-2.5.1-cp313-cp313-macosx_14_0_arm64.whl", hash = "sha256:6165343f81b56ef8f514f396989e529b61d9dc709b99421b07e9f3e698e2287d", size = 5325143, upload-time = "2026-07-04T17:06:45.466Z" },
    { url = "https://files.pythonhosted.org/packages/5e/0e/ce19b985bb15c596f4f05954e76cccc77c845083b3b8f938a6c68e523128/numpy-2.5.1-cp313-cp313-macosx_14_0_x86_64.whl", hash = "sha256:4939237038ada79308dda3204ac6462df056b5672b2e25db1149cf873668b3e1", size = 6659749, upload-time = "2026-07-04T17:06:47.288Z" },
    { url = "https://files.pythonhosted.org/packages/2e/20/1ee6614d64332a1bba6411f38e68cb79eec1b2459e20a623777c5c5492a2/numpy-2.5.1-cp313-cp313-manylinux_2_27_aarch64.manylinux_2_28_aarch64.whl", hash = "sha256:1c6759f538fb912fc46de0a6b1758ccf7b57bc7c7ebebc23974fdac3de8db0cd", size = 15164716, upload-time = "2026-07-04T17:06:49.494Z" },
    { url = "https://files.pythonhosted.org/packages/ed/a7/2bcd3fdbb87804755c35b729bf8709d62025c5f4cfd7d5b2415997097515/numpy-2.5.1-cp313-cp313-manylinux_2_27_x86_64.manylinux_2_28_x86_64.whl", hash = "sha256:9726558e8db4a5bf7929a70ae50f63abda4daf0efe810e3bfbab95976f75fc1a", size = 16661440, upload-time = "2026-07-04T17:06:52.061Z" },
    { url = "https://files.pythonhosted.org/packages/fc/d7/a41e3310c886fe457d36e670bbf24fae411aca8a7b6ad92a32afd924077c/numpy-2.5.1-cp313-cp313-musllinux_1_2_aarch64.whl", hash = "sha256:3935f3b419b244a02732676fa5317a9193cc596a4c0646db07e5b421229ac9f7", size = 16526305, upload-time = "2026-07-04T17:06:54.605Z" },
    { url = "https://files.pythonhosted.org/packages/53/75/4333a9a707c1edd3a4e1a0c58eca52c0f31e55089fa80db02b5565b24df7/numpy-2.5.1-cp313-cp313-musllinux_1_2_x86_64.whl", hash = "sha256:dc932a65ded7ce9013d120845a2514dcccb1a67bfc8deb8d37633762951904a6", size = 18423008, upload-time = "2026-07-04T17:06:57.54Z" },
    { url = "https://files.pythonhosted.org/packages/ee/90/e314a32b1c11a2ffe818ddad3a57b50b4b6e1b6c487192eb50cdef0415d0/numpy-2.5.1-cp313-cp313-win32.whl", hash = "sha256:4b4ff1608417eb7a59da7b967bbb798cacfe071d2caf526a24281cd562072ed9", size = 6063885, upload-time = "2026-07-04T17:07:00.14Z" },
    { url = "https://files.pythonhosted.org/packages/10/70/800b3fca480af32df9e8ea9f3d4a0c8feb4b32d7f195d174eabbda4829ad/numpy-2.5.1-cp313-cp313-win_amd64.whl", hash = "sha256:6c3fe51bc6a16453d452997053454f309e8e0ed7b42d6b361ce4ac8c32913d74", size = 12425674, upload-time = "2026-07-04T17:07:02.387Z" },
    { url = "https://files.pythonhosted.org/packages/8b/0b/196350c122f50f6ca56846f2d71efd5e0d24b7b2e07355e019b2e2c7a11e/numpy-2.5.1-cp313-cp313-win_arm64.whl", hash = "sha256:f7feb014281029e628ba2d5a007407443b06e418b6fe451d1e2adcbc8eba0107", size = 10350256, upload-time = "2026-07-04T17:07:04.878Z" },
]

[[package]]
name = "packaging"
version = "26.2"
source = { registry = "https://pypi.org/simple" }
sdist = { url = "https://files.pythonhosted.org/packages/d7/f1/e7a6dd94a8d4a5626c03e4e99c87f241ba9e350cd9e6d75123f992427270/packaging-26.2.tar.gz", hash = "sha256:ff452ff5a3e828ce110190feff1178bb1f2ea2281fa2075aadb987c2fb221661", size = 228134, upload-time = "2026-04-24T20:15:23.917Z" }
wheels = [
    { url = "https://files.pythonhosted.org/packages/df/b2/87e62e8c3e2f4b32e5fe99e0b86d576da1312593b39f47d8ceef365e95ed/packaging-26.2-py3-none-any.whl", hash = "sha256:5fc45236b9446107ff2415ce77c807cee2862cb6fac22b8a73826d0693b0980e", size = 100195, upload-time = "2026-04-24T20:15:22.081Z" },
]

[[package]]
name = "pluggy"
version = "1.6.0"
source = { registry = "https://pypi.org/simple" }
sdist = { url = "https://files.pythonhosted.org/packages/f9/e2/3e91f31a7d2b083fe6ef3fa267035b518369d9511ffab804f839851d2779/pluggy-1.6.0.tar.gz", hash = "sha256:7dcc130b76258d33b90f61b658791dede3486c3e6bfb003ee5c9bfb396dd22f3", size = 69412, upload-time = "2025-05-15T12:30:07.975Z" }
wheels = [
    { url = "https://files.pythonhosted.org/packages/54/20/4d324d65cc6d9205fabedc306948156824eb9f0ee1633355a8f7ec5c66bf/pluggy-1.6.0-py3-none-any.whl", hash = "sha256:e920276dd6813095e9377c0bc5566d94c932c33b27a3e3945d8389c374dd4746", size = 20538, upload-time = "2025-05-15T12:30:06.134Z" },
]

[[package]]
name = "pygments"
version = "2.20.0"
source = { registry = "https://pypi.org/simple" }
sdist = { url = "https://files.pythonhosted.org/packages/c3/b2/bc9c9196916376152d655522fdcebac55e66de6603a76a02bca1b6414f6c/pygments-2.20.0.tar.gz", hash = "sha256:6757cd03768053ff99f3039c1a36d6c0aa0b263438fcab17520b30a303a82b5f", size = 4955991, upload-time = "2026-03-29T13:29:33.898Z" }
wheels = [
    { url = "https://files.pythonhosted.org/packages/f4/7e/a72dd26f3b0f4f2bf1dd8923c85f7ceb43172af56d63c7383eb62b332364/pygments-2.20.0-py3-none-any.whl", hash = "sha256:81a9e26dd42fd28a23a2d169d86d7ac03b46e2f8b59ed4698fb4785f946d0176", size = 1231151, upload-time = "2026-03-29T13:29:30.038Z" },
]

[[package]]
name = "pyparsing"
version = "3.3.2"
source = { registry = "https://pypi.org/simple" }
sdist = { url = "https://files.pythonhosted.org/packages/f3/91/9c6ee907786a473bf81c5f53cf703ba0957b23ab84c264080fb5a450416f/pyparsing-3.3.2.tar.gz", hash = "sha256:c777f4d763f140633dcb6d8a3eda953bf7a214dc4eff598413c070bcdc117cbc", size = 6851574, upload-time = "2026-01-21T03:57:59.36Z" }
wheels = [
    { url = "https://files.pythonhosted.org/packages/10/bd/c038d7cc38edc1aa5bf91ab8068b63d4308c66c4c8bb3cbba7dfbc049f9c/pyparsing-3.3.2-py3-none-any.whl", hash = "sha256:850ba148bd908d7e2411587e247a1e4f0327839c40e2e5e6d05a007ecc69911d", size = 122781, upload-time = "2026-01-21T03:57:55.912Z" },
]

[[package]]
name = "pytest"
version = "8.4.2"
source = { registry = "https://pypi.org/simple" }
dependencies = [
    { name = "colorama", marker = "sys_platform == 'win32'" },
    { name = "iniconfig" },
    { name = "packaging" },
    { name = "pluggy" },
    { name = "pygments" },
]
sdist = { url = "https://files.pythonhosted.org/packages/a3/5c/00a0e072241553e1a7496d638deababa67c5058571567b92a7eaa258397c/pytest-8.4.2.tar.gz", hash = "sha256:86c0d0b93306b961d58d62a4db4879f27fe25513d4b969df351abdddb3c30e01", size = 1519618, upload-time = "2025-09-04T14:34:22.711Z" }
wheels = [
    { url = "https://files.pythonhosted.org/packages/a8/a4/20da314d277121d6534b3a980b29035dcd51e6744bd79075a6ce8fa4eb8d/pytest-8.4.2-py3-none-any.whl", hash = "sha256:872f880de3fc3a5bdc88a11b39c9710c3497a547cfa9320bc3c5e62fbf272e79", size = 365750, upload-time = "2025-09-04T14:34:20.226Z" },
]

[[package]]
name = "steel-dxf-classifier"
version = "1.1.0"
source = { editable = "." }
dependencies = [
    { name = "ezdxf" },
]

[package.dev-dependencies]
dev = [
    { name = "pytest" },
]

[package.metadata]
requires-dist = [{ name = "ezdxf", specifier = ">=1.4.2,<1.5" }]

[package.metadata.requires-dev]
dev = [{ name = "pytest", specifier = ">=8.3,<9" }]

[[package]]
name = "typing-extensions"
version = "4.16.0"
source = { registry = "https://pypi.org/simple" }
sdist = { url = "https://files.pythonhosted.org/packages/f6/cc/6253133b5bb138fc3306cebfbda2c520f545d36b5be2c7255cc528bb45d6/typing_extensions-4.16.0.tar.gz", hash = "sha256:dc983d19a509c94dba722ee6abd33940f7c05a89e243c47e907eb4db6f1a43e5", size = 113555, upload-time = "2026-07-02T08:40:05.92Z" }
wheels = [
    { url = "https://files.pythonhosted.org/packages/49/d3/b8441a820a491ddfc024b0b0cf0393375b75ea13866d9c66727e54c2fc80/typing_extensions-4.16.0-py3-none-any.whl", hash = "sha256:481caa481374e813c1b176ada14e97f1f67a4539ce9cfeb3f350d78d6370c2e8", size = 45571, upload-time = "2026-07-02T08:40:04.659Z" },
]
